
Microsoft Visual Studio Solution File, Format Version 12.00
# Visual Studio Version 16
VisualStudioVersion = 16.0.30804.86
MinimumVisualStudioVersion = 10.0.40219.1
Project("{FAE04EC0-301F-11D3-BF4B-00C04F79EFBC}") = "MyFirstConsoleApplication", "MyFirstConsoleApplication\MyFirstConsoleApplication.csproj", "{4F0ED651-C6C1-4E41-984A-EF199EC3D1BD}"
EndProject
Global
	GlobalSection(SolutionConfigurationPlatforms) = preSolution
		Debug|Any CPU = Debug|Any CPU
		Release|Any CPU = Release|Any CPU
	EndGlobalSection
	GlobalSection(ProjectConfigurationPlatforms) = postSolution
		{4F0ED651-C6C1-4E41-984A-EF199EC3D1BD}.Debug|Any CPU.ActiveCfg = Debug|Any CPU
		{4F0ED651-C6C1-4E41-984A-EF199EC3D1BD}.Debug|Any CPU.Build.0 = Debug|Any CPU
		{4F0ED651-C6C1-4E41-984A-EF199EC3D1BD}.Release|Any CPU.ActiveCfg = Release|Any CPU
		{4F0ED651-C6C1-4E41-984A-EF199EC3D1BD}.Release|Any CPU.Build.0 = Release|Any CPU
	EndGlobalSection
	GlobalSection(SolutionProperties) = preSolution
		HideSolutionNode = FALSE
	EndGlobalSection
	GlobalSection(ExtensibilityGlobals) = postSolution
		SolutionGuid = {B4B59B4D-24F1-41F8-9C00-B8C97AEC6C9B}
	EndGlobalSection
EndGlobal
